
Microsoft Visual Studio Solution File, Format Version 12.00
# Visual Studio Version 17
VisualStudioVersion = 17.4.33213.308
MinimumVisualStudioVersion = 10.0.40219.1
Project("{FAE04EC0-301F-11D3-BF4B-00C04F79EFBC}") = "BooksLibraryAPI", "BooksLibraryAPI\BooksLibraryAPI.csproj", "{9E53193E-1B7E-4B78-9A5A-E0F805878224}"
EndProject
Global
	GlobalSection(SolutionConfigurationPlatforms) = preSolution
		Debug|Any CPU = Debug|Any CPU
		Release|Any CPU = Release|Any CPU
	EndGlobalSection
	GlobalSection(ProjectConfigurationPlatforms) = postSolution
		{9E53193E-1B7E-4B78-9A5A-E0F805878224}.Debug|Any CPU.ActiveCfg = Debug|Any CPU
		{9E53193E-1B7E-4B78-9A5A-E0F805878224}.Debug|Any CPU.Build.0 = Debug|Any CPU
		{9E53193E-1B7E-4B78-9A5A-E0F805878224}.Release|Any CPU.ActiveCfg = Release|Any CPU
		{9E53193E-1B7E-4B78-9A5A-E0F805878224}.Release|Any CPU.Build.0 = Release|Any CPU
	EndGlobalSection
	GlobalSection(SolutionProperties) = preSolution
		HideSolutionNode = FALSE
	EndGlobalSection
	GlobalSection(ExtensibilityGlobals) = postSolution
		SolutionGuid = {00869AA2-571D-4C0E-A968-635F3FCCC4D9}
	EndGlobalSection
EndGlobal
